
Microsoft Visual Studio Solution File, Format Version 12.00
# Visual Studio 15
VisualStudioVersion = 15.0.28307.329
MinimumVisualStudioVersion = 10.0.40219.1
Project("{FAE04EC0-301F-11D3-BF4B-00C04F79EFBC}") = "SistemaDePagos", "SistemaDePagos\SistemaDePagos.csproj", "{6E4269C6-3DFE-4A13-A1D3-0531248F3515}"
EndProject
Global
	GlobalSection(SolutionConfigurationPlatforms) = preSolution
		Debug|Any CPU = Debug|Any CPU
		Release|Any CPU = Release|Any CPU
	EndGlobalSection
	GlobalSection(ProjectConfigurationPlatforms) = postSolution
		{6E4269C6-3DFE-4A13-A1D3-0531248F3515}.Debug|Any CPU.ActiveCfg = Debug|Any CPU
		{6E4269C6-3DFE-4A13-A1D3-0531248F3515}.Debug|Any CPU.Build.0 = Debug|Any CPU
		{6E4269C6-3DFE-4A13-A1D3-0531248F3515}.Release|Any CPU.ActiveCfg = Release|Any CPU
		{6E4269C6-3DFE-4A13-A1D3-0531248F3515}.Release|Any CPU.Build.0 = Release|Any CPU
	EndGlobalSection
	GlobalSection(SolutionProperties) = preSolution
		HideSolutionNode = FALSE
	EndGlobalSection
	GlobalSection(ExtensibilityGlobals) = postSolution
		SolutionGuid = {FF2F4A0A-7502-49B6-A581-5A42FEBCA9F8}
	EndGlobalSection
EndGlobal
